
Microsoft Visual Studio Solution File, Format Version 12.00
# Visual Studio Version 16
VisualStudioVersion = 16.0.28711.60
MinimumVisualStudioVersion = 10.0.40219.1
Project("{6EC3EE1D-3C4E-46DD-8F32-0CC8E7565705}") = "TeamFollowUpConsole", "TeamFollowUpConsole\TeamFollowUpConsole.fsproj", "{2D1D2F29-91B2-4280-922D-59D7498FA4EC}"
EndProject
Project("{6EC3EE1D-3C4E-46DD-8F32-0CC8E7565705}") = "TeamFollowUpTest", "TeamFollowUpTest\TeamFollowUpTest.fsproj", "{5685E0A9-7787-47B3-883C-3AE120CF946A}"
EndProject
Project("{6EC3EE1D-3C4E-46DD-8F32-0CC8E7565705}") = "TeamFollowUp", "TeamFollowUp\TeamFollowUp.fsproj", "{9D6829B3-2168-4DB5-B9AF-3DE8DE18905B}"
EndProject
Global
	GlobalSection(SolutionConfigurationPlatforms) = preSolution
		Debug|Any CPU = Debug|Any CPU
		Release|Any CPU = Release|Any CPU
	EndGlobalSection
	GlobalSection(ProjectConfigurationPlatforms) = postSolution
		{2D1D2F29-91B2-4280-922D-59D7498FA4EC}.Debug|Any CPU.ActiveCfg = Debug|Any CPU
		{2D1D2F29-91B2-4280-922D-59D7498FA4EC}.Debug|Any CPU.Build.0 = Debug|Any CPU
		{2D1D2F29-91B2-4280-922D-59D7498FA4EC}.Release|Any CPU.ActiveCfg = Release|Any CPU
		{2D1D2F29-91B2-4280-922D-59D7498FA4EC}.Release|Any CPU.Build.0 = Release|Any CPU
		{5685E0A9-7787-47B3-883C-3AE120CF946A}.Debug|Any CPU.ActiveCfg = Debug|Any CPU
		{5685E0A9-7787-47B3-883C-3AE120CF946A}.Debug|Any CPU.Build.0 = Debug|Any CPU
		{5685E0A9-7787-47B3-883C-3AE120CF946A}.Release|Any CPU.ActiveCfg = Release|Any CPU
		{5685E0A9-7787-47B3-883C-3AE120CF946A}.Release|Any CPU.Build.0 = Release|Any CPU
		{9D6829B3-2168-4DB5-B9AF-3DE8DE18905B}.Debug|Any CPU.ActiveCfg = Debug|Any CPU
		{9D6829B3-2168-4DB5-B9AF-3DE8DE18905B}.Debug|Any CPU.Build.0 = Debug|Any CPU
		{9D6829B3-2168-4DB5-B9AF-3DE8DE18905B}.Release|Any CPU.ActiveCfg = Release|Any CPU
		{9D6829B3-2168-4DB5-B9AF-3DE8DE18905B}.Release|Any CPU.Build.0 = Release|Any CPU
	EndGlobalSection
	GlobalSection(SolutionProperties) = preSolution
		HideSolutionNode = FALSE
	EndGlobalSection
	GlobalSection(ExtensibilityGlobals) = postSolution
		SolutionGuid = {5D806A9F-612E-402B-8796-18C55276A7EB}
	EndGlobalSection
EndGlobal
